
Microsoft Visual Studio Solution File, Format Version 12.00
# Visual Studio Version 16
VisualStudioVersion = 16.0.30907.101
MinimumVisualStudioVersion = 10.0.40219.1
Project("{FAE04EC0-301F-11D3-BF4B-00C04F79EFBC}") = "220328", "220328\220328.csproj", "{D3448CE6-69DC-4C34-8F91-1CF6858AB3D1}"
EndProject
Global
	GlobalSection(SolutionConfigurationPlatforms) = preSolution
		Debug|Any CPU = Debug|Any CPU
		Release|Any CPU = Release|Any CPU
	EndGlobalSection
	GlobalSection(ProjectConfigurationPlatforms) = postSolution
		{D3448CE6-69DC-4C34-8F91-1CF6858AB3D1}.Debug|Any CPU.ActiveCfg = Debug|Any CPU
		{D3448CE6-69DC-4C34-8F91-1CF6858AB3D1}.Debug|Any CPU.Build.0 = Debug|Any CPU
		{D3448CE6-69DC-4C34-8F91-1CF6858AB3D1}.Release|Any CPU.ActiveCfg = Release|Any CPU
		{D3448CE6-69DC-4C34-8F91-1CF6858AB3D1}.Release|Any CPU.Build.0 = Release|Any CPU
	EndGlobalSection
	GlobalSection(SolutionProperties) = preSolution
		HideSolutionNode = FALSE
	EndGlobalSection
	GlobalSection(ExtensibilityGlobals) = postSolution
		SolutionGuid = {41E0BE72-D3A6-4FB6-A1FE-DA46526EB23B}
	EndGlobalSection
EndGlobal
